
Microsoft Visual Studio Solution File, Format Version 12.00
# Visual Studio 2013
VisualStudioVersion = 12.0.30110.0
MinimumVisualStudioVersion = 10.0.40219.1
Project("{FAE04EC0-301F-11D3-BF4B-00C04F79EFBC}") = "XSocketsClient", "XSocketsClient\XSocketsClient.csproj", "{194487AB-BF7B-4A49-A2F0-62F983B0A94E}"
EndProject
Project("{FAE04EC0-301F-11D3-BF4B-00C04F79EFBC}") = "XSocketsClient.Test", "XSocketsClient.Test\XSocketsClient.Test.csproj", "{098F102C-19DA-44A6-B7CD-D72042728DF6}"
EndProject
Project("{FAE04EC0-301F-11D3-BF4B-00C04F79EFBC}") = "XSocketsClient.Net45", "XSocketsClient.Net45\XSocketsClient.Net45.csproj", "{6276AD03-9385-4594-BD2D-DA86A6BC1A1A}"
EndProject
Project("{FAE04EC0-301F-11D3-BF4B-00C04F79EFBC}") = "XSocketsClient.Store", "XSocketsClient.Store\XSocketsClient.Store.csproj", "{E2C8099A-A2D3-4A0C-A967-86D6AA1403FF}"
EndProject
Project("{FAE04EC0-301F-11D3-BF4B-00C04F79EFBC}") = "XSocketsClient.Phone", "XSocketsClient.Phone\XSocketsClient.Phone.csproj", "{6EAA663E-9F11-45D1-9469-F1C7F128F332}"
EndProject
Project("{FAE04EC0-301F-11D3-BF4B-00C04F79EFBC}") = "XSocketsClient.iOS", "XSocketsClient.iOS\XSocketsClient.iOS.csproj", "{20415C01-C111-4150-AD9C-828047B88D27}"
EndProject
Project("{FAE04EC0-301F-11D3-BF4B-00C04F79EFBC}") = "XSocketsClient.Android", "XSocketsClient.Android\XSocketsClient.Android.csproj", "{9038978E-EF61-431C-AF61-7F20A3F4C48B}"
EndProject
Project("{2150E333-8FDC-42A3-9474-1A3956D46DE8}") = "Solution Items", "Solution Items", "{D53B0F6D-195B-4892-9030-9F8CF87DA1CB}"
	ProjectSection(SolutionItems) = preProject
		XSockets.Client.nuspec = XSockets.Client.nuspec
	EndProjectSection
EndProject
Global
	GlobalSection(SolutionConfigurationPlatforms) = preSolution
		Debug|Any CPU = Debug|Any CPU
		Debug|ARM = Debug|ARM
		Debug|x64 = Debug|x64
		Debug|x86 = Debug|x86
		Release|Any CPU = Release|Any CPU
		Release|ARM = Release|ARM
		Release|x64 = Release|x64
		Release|x86 = Release|x86
	EndGlobalSection
	GlobalSection(ProjectConfigurationPlatforms) = postSolution
		{194487AB-BF7B-4A49-A2F0-62F983B0A94E}.Debug|Any CPU.ActiveCfg = Debug|Any CPU
		{194487AB-BF7B-4A49-A2F0-62F983B0A94E}.Debug|Any CPU.Build.0 = Debug|Any CPU
		{194487AB-BF7B-4A49-A2F0-62F983B0A94E}.Debug|ARM.ActiveCfg = Debug|Any CPU
		{194487AB-BF7B-4A49-A2F0-62F983B0A94E}.Debug|x64.ActiveCfg = Debug|Any CPU
		{194487AB-BF7B-4A49-A2F0-62F983B0A94E}.Debug|x86.ActiveCfg = Debug|Any CPU
		{194487AB-BF7B-4A49-A2F0-62F983B0A94E}.Release|Any CPU.ActiveCfg = Release|Any CPU
		{194487AB-BF7B-4A49-A2F0-62F983B0A94E}.Release|Any CPU.Build.0 = Release|Any CPU
		{194487AB-BF7B-4A49-A2F0-62F983B0A94E}.Release|ARM.ActiveCfg = Release|Any CPU
		{194487AB-BF7B-4A49-A2F0-62F983B0A94E}.Release|x64.ActiveCfg = Release|Any CPU
		{194487AB-BF7B-4A49-A2F0-62F983B0A94E}.Release|x86.ActiveCfg = Release|Any CPU
		{098F102C-19DA-44A6-B7CD-D72042728DF6}.Debug|Any CPU.ActiveCfg = Debug|Any CPU
		{098F102C-19DA-44A6-B7CD-D72042728DF6}.Debug|Any CPU.Build.0 = Debug|Any CPU
		{098F102C-19DA-44A6-B7CD-D72042728DF6}.Debug|ARM.ActiveCfg = Debug|Any CPU
		{098F102C-19DA-44A6-B7CD-D72042728DF6}.Debug|x64.ActiveCfg = Debug|Any CPU
		{098F102C-19DA-44A6-B7CD-D72042728DF6}.Debug|x86.ActiveCfg = Debug|Any CPU
		{098F102C-19DA-44A6-B7CD-D72042728DF6}.Release|Any CPU.ActiveCfg = Release|Any CPU
		{098F102C-19DA-44A6-B7CD-D72042728DF6}.Release|Any CPU.Build.0 = Release|Any CPU
		{098F102C-19DA-44A6-B7CD-D72042728DF6}.Release|ARM.ActiveCfg = Release|Any CPU
		{098F102C-19DA-44A6-B7CD-D72042728DF6}.Release|x64.ActiveCfg = Release|Any CPU
		{098F102C-19DA-44A6-B7CD-D72042728DF6}.Release|x86.ActiveCfg = Release|Any CPU
		{6276AD03-9385-4594-BD2D-DA86A6BC1A1A}.Debug|Any CPU.ActiveCfg = Debug|Any CPU
		{6276AD03-9385-4594-BD2D-DA86A6BC1A1A}.Debug|Any CPU.Build.0 = Debug|Any CPU
		{6276AD03-9385-4594-BD2D-DA86A6BC1A1A}.Debug|ARM.ActiveCfg = Debug|Any CPU
		{6276AD03-9385-4594-BD2D-DA86A6BC1A1A}.Debug|x64.ActiveCfg = Debug|Any CPU
		{6276AD03-9385-4594-BD2D-DA86A6BC1A1A}.Debug|x86.ActiveCfg = Debug|Any CPU
		{6276AD03-9385-4594-BD2D-DA86A6BC1A1A}.Release|Any CPU.ActiveCfg = Release|Any CPU
		{6276AD03-9385-4594-BD2D-DA86A6BC1A1A}.Release|Any CPU.Build.0 = Release|Any CPU
		{6276AD03-9385-4594-BD2D-DA86A6BC1A1A}.Release|ARM.ActiveCfg = Release|Any CPU
		{6276AD03-9385-4594-BD2D-DA86A6BC1A1A}.Release|x64.ActiveCfg = Release|Any CPU
		{6276AD03-9385-4594-BD2D-DA86A6BC1A1A}.Release|x86.ActiveCfg = Release|Any CPU
		{E2C8099A-A2D3-4A0C-A967-86D6AA1403FF}.Debug|Any CPU.ActiveCfg = Debug|Any CPU
		{E2C8099A-A2D3-4A0C-A967-86D6AA1403FF}.Debug|Any CPU.Build.0 = Debug|Any CPU
		{E2C8099A-A2D3-4A0C-A967-86D6AA1403FF}.Debug|ARM.ActiveCfg = Debug|ARM
		{E2C8099A-A2D3-4A0C-A967-86D6AA1403FF}.Debug|ARM.Build.0 = Debug|ARM
		{E2C8099A-A2D3-4A0C-A967-86D6AA1403FF}.Debug|x64.ActiveCfg = Debug|x64
		{E2C8099A-A2D3-4A0C-A967-86D6AA1403FF}.Debug|x64.Build.0 = Debug|x64
		{E2C8099A-A2D3-4A0C-A967-86D6AA1403FF}.Debug|x86.ActiveCfg = Debug|x86
		{E2C8099A-A2D3-4A0C-A967-86D6AA1403FF}.Debug|x86.Build.0 = Debug|x86
		{E2C8099A-A2D3-4A0C-A967-86D6AA1403FF}.Release|Any CPU.ActiveCfg = Release|Any CPU
		{E2C8099A-A2D3-4A0C-A967-86D6AA1403FF}.Release|Any CPU.Build.0 = Release|Any CPU
		{E2C8099A-A2D3-4A0C-A967-86D6AA1403FF}.Release|ARM.ActiveCfg = Release|ARM
		{E2C8099A-A2D3-4A0C-A967-86D6AA1403FF}.Release|ARM.Build.0 = Release|ARM
		{E2C8099A-A2D3-4A0C-A967-86D6AA1403FF}.Release|x64.ActiveCfg = Release|x64
		{E2C8099A-A2D3-4A0C-A967-86D6AA1403FF}.Release|x64.Build.0 = Release|x64
		{E2C8099A-A2D3-4A0C-A967-86D6AA1403FF}.Release|x86.ActiveCfg = Release|x86
		{E2C8099A-A2D3-4A0C-A967-86D6AA1403FF}.Release|x86.Build.0 = Release|x86
		{6EAA663E-9F11-45D1-9469-F1C7F128F332}.Debug|Any CPU.ActiveCfg = Debug|Any CPU
		{6EAA663E-9F11-45D1-9469-F1C7F128F332}.Debug|Any CPU.Build.0 = Debug|Any CPU
		{6EAA663E-9F11-45D1-9469-F1C7F128F332}.Debug|ARM.ActiveCfg = Debug|ARM
		{6EAA663E-9F11-45D1-9469-F1C7F128F332}.Debug|ARM.Build.0 = Debug|ARM
		{6EAA663E-9F11-45D1-9469-F1C7F128F332}.Debug|x64.ActiveCfg = Debug|Any CPU
		{6EAA663E-9F11-45D1-9469-F1C7F128F332}.Debug|x86.ActiveCfg = Debug|x86
		{6EAA663E-9F11-45D1-9469-F1C7F128F332}.Debug|x86.Build.0 = Debug|x86
		{6EAA663E-9F11-45D1-9469-F1C7F128F332}.Release|Any CPU.ActiveCfg = Release|Any CPU
		{6EAA663E-9F11-45D1-9469-F1C7F128F332}.Release|Any CPU.Build.0 = Release|Any CPU
		{6EAA663E-9F11-45D1-9469-F1C7F128F332}.Release|ARM.ActiveCfg = Release|ARM
		{6EAA663E-9F11-45D1-9469-F1C7F128F332}.Release|ARM.Build.0 = Release|ARM
		{6EAA663E-9F11-45D1-9469-F1C7F128F332}.Release|x64.ActiveCfg = Release|Any CPU
		{6EAA663E-9F11-45D1-9469-F1C7F128F332}.Release|x86.ActiveCfg = Release|x86
		{6EAA663E-9F11-45D1-9469-F1C7F128F332}.Release|x86.Build.0 = Release|x86
		{20415C01-C111-4150-AD9C-828047B88D27}.Debug|Any CPU.ActiveCfg = Debug|Any CPU
		{20415C01-C111-4150-AD9C-828047B88D27}.Debug|Any CPU.Build.0 = Debug|Any CPU
		{20415C01-C111-4150-AD9C-828047B88D27}.Debug|ARM.ActiveCfg = Debug|Any CPU
		{20415C01-C111-4150-AD9C-828047B88D27}.Debug|x64.ActiveCfg = Debug|Any CPU
		{20415C01-C111-4150-AD9C-828047B88D27}.Debug|x86.ActiveCfg = Debug|Any CPU
		{20415C01-C111-4150-AD9C-828047B88D27}.Release|Any CPU.ActiveCfg = Release|Any CPU
		{20415C01-C111-4150-AD9C-828047B88D27}.Release|Any CPU.Build.0 = Release|Any CPU
		{20415C01-C111-4150-AD9C-828047B88D27}.Release|ARM.ActiveCfg = Release|Any CPU
		{20415C01-C111-4150-AD9C-828047B88D27}.Release|x64.ActiveCfg = Release|Any CPU
		{20415C01-C111-4150-AD9C-828047B88D27}.Release|x86.ActiveCfg = Release|Any CPU
		{9038978E-EF61-431C-AF61-7F20A3F4C48B}.Debug|Any CPU.ActiveCfg = Debug|Any CPU
		{9038978E-EF61-431C-AF61-7F20A3F4C48B}.Debug|Any CPU.Build.0 = Debug|Any CPU
		{9038978E-EF61-431C-AF61-7F20A3F4C48B}.Debug|ARM.ActiveCfg = Debug|Any CPU
		{9038978E-EF61-431C-AF61-7F20A3F4C48B}.Debug|x64.ActiveCfg = Debug|Any CPU
		{9038978E-EF61-431C-AF61-7F20A3F4C48B}.Debug|x86.ActiveCfg = Debug|Any CPU
		{9038978E-EF61-431C-AF61-7F20A3F4C48B}.Release|Any CPU.ActiveCfg = Release|Any CPU
		{9038978E-EF61-431C-AF61-7F20A3F4C48B}.Release|Any CPU.Build.0 = Release|Any CPU
		{9038978E-EF61-431C-AF61-7F20A3F4C48B}.Release|ARM.ActiveCfg = Release|Any CPU
		{9038978E-EF61-431C-AF61-7F20A3F4C48B}.Release|x64.ActiveCfg = Release|Any CPU
		{9038978E-EF61-431C-AF61-7F20A3F4C48B}.Release|x86.ActiveCfg = Release|Any CPU
	EndGlobalSection
	GlobalSection(SolutionProperties) = preSolution
		HideSolutionNode = FALSE
	EndGlobalSection
EndGlobal
